
Microsoft Visual Studio Solution File, Format Version 12.00
# Visual Studio Version 17
VisualStudioVersion = 17.2.32602.215
MinimumVisualStudioVersion = 10.0.40219.1
Project("{9A19103F-16F7-4668-BE54-9A1E7A4F7556}") = "App", "App\App.csproj", "{34BABE1D-5DFD-48BD-BF61-7491442801E3}"
EndProject
Project("{FAE04EC0-301F-11D3-BF4B-00C04F79EFBC}") = "DomainLayer", "DomainLayer\DomainLayer.csproj", "{4313D222-2B76-4397-9FC3-69A3D151A3D1}"
EndProject
Project("{FAE04EC0-301F-11D3-BF4B-00C04F79EFBC}") = "RepositoryLayer", "RepositoryLayer\RepositoryLayer.csproj", "{2ACA5CB6-9C53-4480-B60D-526D69A57941}"
EndProject
Global
	GlobalSection(SolutionConfigurationPlatforms) = preSolution
		Debug|Any CPU = Debug|Any CPU
		Release|Any CPU = Release|Any CPU
	EndGlobalSection
	GlobalSection(ProjectConfigurationPlatforms) = postSolution
		{34BABE1D-5DFD-48BD-BF61-7491442801E3}.Debug|Any CPU.ActiveCfg = Debug|Any CPU
		{34BABE1D-5DFD-48BD-BF61-7491442801E3}.Debug|Any CPU.Build.0 = Debug|Any CPU
		{34BABE1D-5DFD-48BD-BF61-7491442801E3}.Release|Any CPU.ActiveCfg = Release|Any CPU
		{34BABE1D-5DFD-48BD-BF61-7491442801E3}.Release|Any CPU.Build.0 = Release|Any CPU
		{4313D222-2B76-4397-9FC3-69A3D151A3D1}.Debug|Any CPU.ActiveCfg = Debug|Any CPU
		{4313D222-2B76-4397-9FC3-69A3D151A3D1}.Debug|Any CPU.Build.0 = Debug|Any CPU
		{4313D222-2B76-4397-9FC3-69A3D151A3D1}.Release|Any CPU.ActiveCfg = Release|Any CPU
		{4313D222-2B76-4397-9FC3-69A3D151A3D1}.Release|Any CPU.Build.0 = Release|Any CPU
		{2ACA5CB6-9C53-4480-B60D-526D69A57941}.Debug|Any CPU.ActiveCfg = Debug|Any CPU
		{2ACA5CB6-9C53-4480-B60D-526D69A57941}.Debug|Any CPU.Build.0 = Debug|Any CPU
		{2ACA5CB6-9C53-4480-B60D-526D69A57941}.Release|Any CPU.ActiveCfg = Release|Any CPU
		{2ACA5CB6-9C53-4480-B60D-526D69A57941}.Release|Any CPU.Build.0 = Release|Any CPU
	EndGlobalSection
	GlobalSection(SolutionProperties) = preSolution
		HideSolutionNode = FALSE
	EndGlobalSection
	GlobalSection(ExtensibilityGlobals) = postSolution
		SolutionGuid = {4E558042-35FD-4F1C-AC10-F6FE4974C51B}
	EndGlobalSection
EndGlobal
